
Microsoft Visual Studio Solution File, Format Version 12.00
# Visual Studio 14
VisualStudioVersion = 14.0.24720.0
MinimumVisualStudioVersion = 10.0.40219.1
Project("{FAE04EC0-301F-11D3-BF4B-00C04F79EFBC}") = "rapido", "rapido\rapido.csproj", "{A60A353A-0F7B-4A88-BD9E-07210F5C7367}"
EndProject
Project("{FAE04EC0-301F-11D3-BF4B-00C04F79EFBC}") = "Tests", "Tests\Tests.csproj", "{2CEF3CCE-993A-44BE-8849-DAD02DC8622C}"
EndProject
Project("{FAE04EC0-301F-11D3-BF4B-00C04F79EFBC}") = "Sample", "Sample\Sample.csproj", "{7CB18F9B-BD99-438F-81EC-DEEA87F5A4F7}"
EndProject
Global
	GlobalSection(SolutionConfigurationPlatforms) = preSolution
		Debug|Any CPU = Debug|Any CPU
		Release|Any CPU = Release|Any CPU
	EndGlobalSection
	GlobalSection(ProjectConfigurationPlatforms) = postSolution
		{A60A353A-0F7B-4A88-BD9E-07210F5C7367}.Debug|Any CPU.ActiveCfg = Debug|Any CPU
		{A60A353A-0F7B-4A88-BD9E-07210F5C7367}.Debug|Any CPU.Build.0 = Debug|Any CPU
		{A60A353A-0F7B-4A88-BD9E-07210F5C7367}.Release|Any CPU.ActiveCfg = Release|Any CPU
		{A60A353A-0F7B-4A88-BD9E-07210F5C7367}.Release|Any CPU.Build.0 = Release|Any CPU
		{2CEF3CCE-993A-44BE-8849-DAD02DC8622C}.Debug|Any CPU.ActiveCfg = Debug|Any CPU
		{2CEF3CCE-993A-44BE-8849-DAD02DC8622C}.Debug|Any CPU.Build.0 = Debug|Any CPU
		{2CEF3CCE-993A-44BE-8849-DAD02DC8622C}.Release|Any CPU.ActiveCfg = Release|Any CPU
		{2CEF3CCE-993A-44BE-8849-DAD02DC8622C}.Release|Any CPU.Build.0 = Release|Any CPU
		{7CB18F9B-BD99-438F-81EC-DEEA87F5A4F7}.Debug|Any CPU.ActiveCfg = Debug|Any CPU
		{7CB18F9B-BD99-438F-81EC-DEEA87F5A4F7}.Debug|Any CPU.Build.0 = Debug|Any CPU
		{7CB18F9B-BD99-438F-81EC-DEEA87F5A4F7}.Release|Any CPU.ActiveCfg = Release|Any CPU
		{7CB18F9B-BD99-438F-81EC-DEEA87F5A4F7}.Release|Any CPU.Build.0 = Release|Any CPU
	EndGlobalSection
	GlobalSection(SolutionProperties) = preSolution
		HideSolutionNode = FALSE
	EndGlobalSection
EndGlobal
